// !$*UTF8*$!
{
	archiveVersion = 1;
	classes = {
	};
	objectVersion = 51;
	objects = {

/* Begin PBXBuildFile section */
		2E30BF017EA9D488D01D7CFA /* Pods_YouTubeApp.framework in Frameworks */ = {isa = PBXBuildFile; fileRef = BD15492F1C39F6EE75507273 /* Pods_YouTubeApp.framework */; };
		4522580C26131B5E0041465E /* WebViewController.swift in Sources */ = {isa = PBXBuildFile; fileRef = 4522580B26131B5E0041465E /* WebViewController.swift */; };
		45225833261429AC0041465E /* 検索中.json in Resources */ = {isa = PBXBuildFile; fileRef = 45225832261429AC0041465E /* 検索中.json */; };
		45867C162611E21600EFA6A9 /* AppDelegate.swift in Sources */ = {isa = PBXBuildFile; fileRef = 45867C152611E21600EFA6A9 /* AppDelegate.swift */; };
		45867C182611E21600EFA6A9 /* SceneDelegate.swift in Sources */ = {isa = PBXBuildFile; fileRef = 45867C172611E21600EFA6A9 /* SceneDelegate.swift */; };
		45867C1A2611E21600EFA6A9 /* MainViewController.swift in Sources */ = {isa = PBXBuildFile; fileRef = 45867C192611E21600EFA6A9 /* MainViewController.swift */; };
		45867C1D2611E21600EFA6A9 /* Main.storyboard in Resources */ = {isa = PBXBuildFile; fileRef = 45867C1B2611E21600EFA6A9 /* Main.storyboard */; };
		45867C1F2611E21A00EFA6A9 /* Assets.xcassets in Resources */ = {isa = PBXBuildFile; fileRef = 45867C1E2611E21A00EFA6A9 /* Assets.xcassets */; };
		45867C222611E21A00EFA6A9 /* LaunchScreen.storyboard in Resources */ = {isa = PBXBuildFile; fileRef = 45867C202611E21A00EFA6A9 /* LaunchScreen.storyboard */; };
		45867C2D2611E21B00EFA6A9 /* YouTubeAppTests.swift in Sources */ = {isa = PBXBuildFile; fileRef = 45867C2C2611E21B00EFA6A9 /* YouTubeAppTests.swift */; };
		45867C382611E21B00EFA6A9 /* YouTubeAppUITests.swift in Sources */ = {isa = PBXBuildFile; fileRef = 45867C372611E21B00EFA6A9 /* YouTubeAppUITests.swift */; };
		45867C772612CF1500EFA6A9 /* VideoItems.swift in Sources */ = {isa = PBXBuildFile; fileRef = 45867C762612CF1500EFA6A9 /* VideoItems.swift */; };
		8883DC38C2533EB37C1CE271 /* Pods_YouTubeApp_YouTubeAppUITests.framework in Frameworks */ = {isa = PBXBuildFile; fileRef = 9619DD257F0C6878D58AC641 /* Pods_YouTubeApp_YouTubeAppUITests.framework */; };
		DA5E871E17DF5C08E6DB340A /* Pods_YouTubeAppTests.framework in Frameworks */ = {isa = PBXBuildFile; fileRef = 0E532B5F8EDF35478A4E346A /* Pods_YouTubeAppTests.framework */; };
/* End PBXBuildFile section */

/* Begin PBXContainerItemProxy section */
		45867C292611E21B00EFA6A9 /* PBXContainerItemProxy */ = {
			isa = PBXContainerItemProxy;
			containerPortal = 45867C0A2611E21600EFA6A9 /* Project object */;
			proxyType = 1;
			remoteGlobalIDString = 45867C112611E21600EFA6A9;
			remoteInfo = YouTubeApp;
		};
		45867C342611E21B00EFA6A9 /* PBXContainerItemProxy */ = {
			isa = PBXContainerItemProxy;
			containerPortal = 45867C0A2611E21600EFA6A9 /* Project object */;
			proxyType = 1;
			remoteGlobalIDString = 45867C112611E21600EFA6A9;
			remoteInfo = YouTubeApp;
		};
/* End PBXContainerItemProxy section */

/* Begin PBXFileReference section */
		0E532B5F8EDF35478A4E346A /* Pods_YouTubeAppTests.framework */ = {isa = PBXFileReference; explicitFileType = wrapper.framework; includeInIndex = 0; path = Pods_YouTubeAppTests.framework; sourceTree = BUILT_PRODUCTS_DIR; };
		176D81F006B676BBA9F61774 /* Pods-YouTubeApp.release.xcconfig */ = {isa = PBXFileReference; includeInIndex = 1; lastKnownFileType = text.xcconfig; name = "Pods-YouTubeApp.release.xcconfig"; path = "Target Support Files/Pods-YouTubeApp/Pods-YouTubeApp.release.xcconfig"; sourceTree = "<group>"; };
		31C2185F53329A66B96C7889 /* Pods-YouTubeAppTests.debug.xcconfig */ = {isa = PBXFileReference; includeInIndex = 1; lastKnownFileType = text.xcconfig; name = "Pods-YouTubeAppTests.debug.xcconfig"; path = "Target Support Files/Pods-YouTubeAppTests/Pods-YouTubeAppTests.debug.xcconfig"; sourceTree = "<group>"; };
		4522580B26131B5E0041465E /* WebViewController.swift */ = {isa = PBXFileReference; lastKnownFileType = sourcecode.swift; path = WebViewController.swift; sourceTree = "<group>"; };
		45225832261429AC0041465E /* 検索中.json */ = {isa = PBXFileReference; fileEncoding = 4; lastKnownFileType = text.json; path = "検索中.json"; sourceTree = "<group>"; };
		45867C122611E21600EFA6A9 /* YouTubeApp.app */ = {isa = PBXFileReference; explicitFileType = wrapper.application; includeInIndex = 0; path = YouTubeApp.app; sourceTree = BUILT_PRODUCTS_DIR; };
		45867C152611E21600EFA6A9 /* AppDelegate.swift */ = {isa = PBXFileReference; lastKnownFileType = sourcecode.swift; path = AppDelegate.swift; sourceTree = "<group>"; };
		45867C172611E21600EFA6A9 /* SceneDelegate.swift */ = {isa = PBXFileReference; lastKnownFileType = sourcecode.swift; path = SceneDelegate.swift; sourceTree = "<group>"; };
		45867C192611E21600EFA6A9 /* MainViewController.swift */ = {isa = PBXFileReference; lastKnownFileType = sourcecode.swift; path = MainViewController.swift; sourceTree = "<group>"; };
		45867C1C2611E21600EFA6A9 /* Base */ = {isa = PBXFileReference; lastKnownFileType = file.storyboard; name = Base; path = Base.lproj/Main.storyboard; sourceTree = "<group>"; };
		45867C1E2611E21A00EFA6A9 /* Assets.xcassets */ = {isa = PBXFileReference; lastKnownFileType = folder.assetcatalog; path = Assets.xcassets; sourceTree = "<group>"; };
		45867C212611E21A00EFA6A9 /* Base */ = {isa = PBXFileReference; lastKnownFileType = file.storyboard; name = Base; path = Base.lproj/LaunchScreen.storyboard; sourceTree = "<group>"; };
		45867C232611E21A00EFA6A9 /* Info.plist */ = {isa = PBXFileReference; lastKnownFileType = text.plist.xml; path = Info.plist; sourceTree = "<group>"; };
		45867C282611E21B00EFA6A9 /* YouTubeAppTests.xctest */ = {isa = PBXFileReference; explicitFileType = wrapper.cfbundle; includeInIndex = 0; path = YouTubeAppTests.xctest; sourceTree = BUILT_PRODUCTS_DIR; };
		45867C2C2611E21B00EFA6A9 /* YouTubeAppTests.swift */ = {isa = PBXFileReference; lastKnownFileType = sourcecode.swift; path = YouTubeAppTests.swift; sourceTree = "<group>"; };
		45867C2E2611E21B00EFA6A9 /* Info.plist */ = {isa = PBXFileReference; lastKnownFileType = text.plist.xml; path = Info.plist; sourceTree = "<group>"; };
		45867C332611E21B00EFA6A9 /* YouTubeAppUITests.xctest */ = {isa = PBXFileReference; explicitFileType = wrapper.cfbundle; includeInIndex = 0; path = YouTubeAppUITests.xctest; sourceTree = BUILT_PRODUCTS_DIR; };
		45867C372611E21B00EFA6A9 /* YouTubeAppUITests.swift */ = {isa = PBXFileReference; lastKnownFileType = sourcecode.swift; path = YouTubeAppUITests.swift; sourceTree = "<group>"; };
		45867C392611E21B00EFA6A9 /* Info.plist */ = {isa = PBXFileReference; lastKnownFileType = text.plist.xml; path = Info.plist; sourceTree = "<group>"; };
		45867C4B2611E2D500EFA6A9 /* README.md */ = {isa = PBXFileReference; lastKnownFileType = net.daringfireball.markdown; path = README.md; sourceTree = "<group>"; };
		45867C762612CF1500EFA6A9 /* VideoItems.swift */ = {isa = PBXFileReference; lastKnownFileType = sourcecode.swift; path = VideoItems.swift; sourceTree = "<group>"; };
		744136E4BE02D06A3D30C91A /* Pods-YouTubeApp-YouTubeAppUITests.release.xcconfig */ = {isa = PBXFileReference; includeInIndex = 1; lastKnownFileType = text.xcconfig; name = "Pods-YouTubeApp-YouTubeAppUITests.release.xcconfig"; path = "Target Support Files/Pods-YouTubeApp-YouTubeAppUITests/Pods-YouTubeApp-YouTubeAppUITests.release.xcconfig"; sourceTree = "<group>"; };
		84E9C7361B6056984AA394BE /* Pods-YouTubeApp-YouTubeAppUITests.debug.xcconfig */ = {isa = PBXFileReference; includeInIndex = 1; lastKnownFileType = text.xcconfig; name = "Pods-YouTubeApp-YouTubeAppUITests.debug.xcconfig"; path = "Target Support Files/Pods-YouTubeApp-YouTubeAppUITests/Pods-YouTubeApp-YouTubeAppUITests.debug.xcconfig"; sourceTree = "<group>"; };
		9619DD257F0C6878D58AC641 /* Pods_YouTubeApp_YouTubeAppUITests.framework */ = {isa = PBXFileReference; explicitFileType = wrapper.framework; includeInIndex = 0; path = Pods_YouTubeApp_YouTubeAppUITests.framework; sourceTree = BUILT_PRODUCTS_DIR; };
		BD15492F1C39F6EE75507273 /* Pods_YouTubeApp.framework */ = {isa = PBXFileReference; explicitFileType = wrapper.framework; includeInIndex = 0; path = Pods_YouTubeApp.framework; sourceTree = BUILT_PRODUCTS_DIR; };
		CE824179E0A709592C4F043A /* Pods-YouTubeAppTests.release.xcconfig */ = {isa = PBXFileReference; includeInIndex = 1; lastKnownFileType = text.xcconfig; name = "Pods-YouTubeAppTests.release.xcconfig"; path = "Target Support Files/Pods-YouTubeAppTests/Pods-YouTubeAppTests.release.xcconfig"; sourceTree = "<group>"; };
		D5B9369EAC15634D78AE9F7D /* Pods-YouTubeApp.debug.xcconfig */ = {isa = PBXFileReference; includeInIndex = 1; lastKnownFileType = text.xcconfig; name = "Pods-YouTubeApp.debug.xcconfig"; path = "Target Support Files/Pods-YouTubeApp/Pods-YouTubeApp.debug.xcconfig"; sourceTree = "<group>"; };
/* End PBXFileReference section */

/* Begin PBXFrameworksBuildPhase section */
		45867C0F2611E21600EFA6A9 /* Frameworks */ = {
			isa = PBXFrameworksBuildPhase;
			buildActionMask = 2147483647;
			files = (
				2E30BF017EA9D488D01D7CFA /* Pods_YouTubeApp.framework in Frameworks */,
			);
			runOnlyForDeploymentPostprocessing = 0;
		};
		45867C252611E21B00EFA6A9 /* Frameworks */ = {
			isa = PBXFrameworksBuildPhase;
			buildActionMask = 2147483647;
			files = (
				DA5E871E17DF5C08E6DB340A /* Pods_YouTubeAppTests.framework in Frameworks */,
			);
			runOnlyForDeploymentPostprocessing = 0;
		};
		45867C302611E21B00EFA6A9 /* Frameworks */ = {
			isa = PBXFrameworksBuildPhase;
			buildActionMask = 2147483647;
			files = (
				8883DC38C2533EB37C1CE271 /* Pods_YouTubeApp_YouTubeAppUITests.framework in Frameworks */,
			);
			runOnlyForDeploymentPostprocessing = 0;
		};
/* End PBXFrameworksBuildPhase section */

/* Begin PBXGroup section */
		11E3057C61BFB1E8DD502D67 /* Frameworks */ = {
			isa = PBXGroup;
			children = (
				BD15492F1C39F6EE75507273 /* Pods_YouTubeApp.framework */,
				9619DD257F0C6878D58AC641 /* Pods_YouTubeApp_YouTubeAppUITests.framework */,
				0E532B5F8EDF35478A4E346A /* Pods_YouTubeAppTests.framework */,
			);
			name = Frameworks;
			sourceTree = "<group>";
		};
		45867C092611E21600EFA6A9 = {
			isa = PBXGroup;
			children = (
				45867C4B2611E2D500EFA6A9 /* README.md */,
				45867C142611E21600EFA6A9 /* YouTubeApp */,
				45867C2B2611E21B00EFA6A9 /* YouTubeAppTests */,
				45867C362611E21B00EFA6A9 /* YouTubeAppUITests */,
				45867C132611E21600EFA6A9 /* Products */,
				5184DA0D84161030F3592438 /* Pods */,
				11E3057C61BFB1E8DD502D67 /* Frameworks */,
			);
			sourceTree = "<group>";
		};
		45867C132611E21600EFA6A9 /* Products */ = {
			isa = PBXGroup;
			children = (
				45867C122611E21600EFA6A9 /* YouTubeApp.app */,
				45867C282611E21B00EFA6A9 /* YouTubeAppTests.xctest */,
				45867C332611E21B00EFA6A9 /* YouTubeAppUITests.xctest */,
			);
			name = Products;
			sourceTree = "<group>";
		};
		45867C142611E21600EFA6A9 /* YouTubeApp */ = {
			isa = PBXGroup;
			children = (
				45867C1E2611E21A00EFA6A9 /* Assets.xcassets */,
				45867C1B2611E21600EFA6A9 /* Main.storyboard */,
				45867C202611E21A00EFA6A9 /* LaunchScreen.storyboard */,
				45867C762612CF1500EFA6A9 /* VideoItems.swift */,
				45867C192611E21600EFA6A9 /* MainViewController.swift */,
				4522580B26131B5E0041465E /* WebViewController.swift */,
				45867C152611E21600EFA6A9 /* AppDelegate.swift */,
				45867C172611E21600EFA6A9 /* SceneDelegate.swift */,
				45867C232611E21A00EFA6A9 /* Info.plist */,
				45225832261429AC0041465E /* 検索中.json */,
			);
			path = YouTubeApp;
			sourceTree = "<group>";
		};
		45867C2B2611E21B00EFA6A9 /* YouTubeAppTests */ = {
			isa = PBXGroup;
			children = (
				45867C2C2611E21B00EFA6A9 /* YouTubeAppTests.swift */,
				45867C2E2611E21B00EFA6A9 /* Info.plist */,
			);
			path = YouTubeAppTests;
			sourceTree = "<group>";
		};
		45867C362611E21B00EFA6A9 /* YouTubeAppUITests */ = {
			isa = PBXGroup;
			children = (
				45867C372611E21B00EFA6A9 /* YouTubeAppUITests.swift */,
				45867C392611E21B00EFA6A9 /* Info.plist */,
			);
			path = YouTubeAppUITests;
			sourceTree = "<group>";
		};
		5184DA0D84161030F3592438 /* Pods */ = {
			isa = PBXGroup;
			children = (
				D5B9369EAC15634D78AE9F7D /* Pods-YouTubeApp.debug.xcconfig */,
				176D81F006B676BBA9F61774 /* Pods-YouTubeApp.release.xcconfig */,
				84E9C7361B6056984AA394BE /* Pods-YouTubeApp-YouTubeAppUITests.debug.xcconfig */,
				744136E4BE02D06A3D30C91A /* Pods-YouTubeApp-YouTubeAppUITests.release.xcconfig */,
				31C2185F53329A66B96C7889 /* Pods-YouTubeAppTests.debug.xcconfig */,
				CE824179E0A709592C4F043A /* Pods-YouTubeAppTests.release.xcconfig */,
			);
			path = Pods;
			sourceTree = "<group>";
		};
/* End PBXGroup section */

/* Begin PBXNativeTarget section */
		45867C112611E21600EFA6A9 /* YouTubeApp */ = {
			isa = PBXNativeTarget;
			buildConfigurationList = 45867C3C2611E21B00EFA6A9 /* Build configuration list for PBXNativeTarget "YouTubeApp" */;
			buildPhases = (
				6D4F96C56271683B2A84D54E /* [CP] Check Pods Manifest.lock */,
				45867C0E2611E21600EFA6A9 /* Sources */,
				45867C0F2611E21600EFA6A9 /* Frameworks */,
				45867C102611E21600EFA6A9 /* Resources */,
				B687DAD6B1FCBD00486D3C96 /* [CP] Embed Pods Frameworks */,
			);
			buildRules = (
			);
			dependencies = (
			);
			name = YouTubeApp;
			productName = YouTubeApp;
			productReference = 45867C122611E21600EFA6A9 /* YouTubeApp.app */;
			productType = "com.apple.product-type.application";
		};
		45867C272611E21B00EFA6A9 /* YouTubeAppTests */ = {
			isa = PBXNativeTarget;
			buildConfigurationList = 45867C3F2611E21B00EFA6A9 /* Build configuration list for PBXNativeTarget "YouTubeAppTests" */;
			buildPhases = (
				813A338E30BF1CE29DB94E6B /* [CP] Check Pods Manifest.lock */,
				45867C242611E21B00EFA6A9 /* Sources */,
				45867C252611E21B00EFA6A9 /* Frameworks */,
				45867C262611E21B00EFA6A9 /* Resources */,
			);
			buildRules = (
			);
			dependencies = (
				45867C2A2611E21B00EFA6A9 /* PBXTargetDependency */,
			);
			name = YouTubeAppTests;
			productName = YouTubeAppTests;
			productReference = 45867C282611E21B00EFA6A9 /* YouTubeAppTests.xctest */;
			productType = "com.apple.product-type.bundle.unit-test";
		};
		45867C322611E21B00EFA6A9 /* YouTubeAppUITests */ = {
			isa = PBXNativeTarget;
			buildConfigurationList = 45867C422611E21B00EFA6A9 /* Build configuration list for PBXNativeTarget "YouTubeAppUITests" */;
			buildPhases = (
				53BFBE4448FDDF58BD5CF13C /* [CP] Check Pods Manifest.lock */,
				45867C2F2611E21B00EFA6A9 /* Sources */,
				45867C302611E21B00EFA6A9 /* Frameworks */,
				45867C312611E21B00EFA6A9 /* Resources */,
				E4B027A8E1258495B472C000 /* [CP] Embed Pods Frameworks */,
			);
			buildRules = (
			);
			dependencies = (
				45867C352611E21B00EFA6A9 /* PBXTargetDependency */,
			);
			name = YouTubeAppUITests;
			productName = YouTubeAppUITests;
			productReference = 45867C332611E21B00EFA6A9 /* YouTubeAppUITests.xctest */;
			productType = "com.apple.product-type.bundle.ui-testing";
		};
/* End PBXNativeTarget section */

/* Begin PBXProject section */
		45867C0A2611E21600EFA6A9 /* Project object */ = {
			isa = PBXProject;
			attributes = {
				LastSwiftUpdateCheck = 1240;
				LastUpgradeCheck = 1240;
				TargetAttributes = {
					45867C112611E21600EFA6A9 = {
						CreatedOnToolsVersion = 12.4;
					};
					45867C272611E21B00EFA6A9 = {
						CreatedOnToolsVersion = 12.4;
						TestTargetID = 45867C112611E21600EFA6A9;
					};
					45867C322611E21B00EFA6A9 = {
						CreatedOnToolsVersion = 12.4;
						TestTargetID = 45867C112611E21600EFA6A9;
					};
				};
			};
			buildConfigurationList = 45867C0D2611E21600EFA6A9 /* Build configuration list for PBXProject "YouTubeApp" */;
			compatibilityVersion = "Xcode 9.3";
			developmentRegion = en;
			hasScannedForEncodings = 0;
			knownRegions = (
				en,
				Base,
			);
			mainGroup = 45867C092611E21600EFA6A9;
			productRefGroup = 45867C132611E21600EFA6A9 /* Products */;
			projectDirPath = "";
			projectRoot = "";
			targets = (
				45867C112611E21600EFA6A9 /* YouTubeApp */,
				45867C272611E21B00EFA6A9 /* YouTubeAppTests */,
				45867C322611E21B00EFA6A9 /* YouTubeAppUITests */,
			);
		};
/* End PBXProject section */

/* Begin PBXResourcesBuildPhase section */
		45867C102611E21600EFA6A9 /* Resources */ = {
			isa = PBXResourcesBuildPhase;
			buildActionMask = 2147483647;
			files = (
				45867C222611E21A00EFA6A9 /* LaunchScreen.storyboard in Resources */,
				45867C1F2611E21A00EFA6A9 /* Assets.xcassets in Resources */,
				45867C1D2611E21600EFA6A9 /* Main.storyboard in Resources */,
				45225833261429AC0041465E /* 検索中.json in Resources */,
			);
			runOnlyForDeploymentPostprocessing = 0;
		};
		45867C262611E21B00EFA6A9 /* Resources */ = {
			isa = PBXResourcesBuildPhase;
			buildActionMask = 2147483647;
			files = (
			);
			runOnlyForDeploymentPostprocessing = 0;
		};
		45867C312611E21B00EFA6A9 /* Resources */ = {
			isa = PBXResourcesBuildPhase;
			buildActionMask = 2147483647;
			files = (
			);
			runOnlyForDeploymentPostprocessing = 0;
		};
/* End PBXResourcesBuildPhase section */

/* Begin PBXShellScriptBuildPhase section */
		53BFBE4448FDDF58BD5CF13C /* [CP] Check Pods Manifest.lock */ = {
			isa = PBXShellScriptBuildPhase;
			buildActionMask = 2147483647;
			files = (
			);
			inputFileListPaths = (
			);
			inputPaths = (
				"${PODS_PODFILE_DIR_PATH}/Podfile.lock",
				"${PODS_ROOT}/Manifest.lock",
			);
			name = "[CP] Check Pods Manifest.lock";
			outputFileListPaths = (
			);
			outputPaths = (
				"$(DERIVED_FILE_DIR)/Pods-YouTubeApp-YouTubeAppUITests-checkManifestLockResult.txt",
			);
			runOnlyForDeploymentPostprocessing = 0;
			shellPath = /bin/sh;
			shellScript = "diff \"${PODS_PODFILE_DIR_PATH}/Podfile.lock\" \"${PODS_ROOT}/Manifest.lock\" > /dev/null\nif [ $? != 0 ] ; then\n    # print error to STDERR\n    echo \"error: The sandbox is not in sync with the Podfile.lock. Run 'pod install' or update your CocoaPods installation.\" >&2\n    exit 1\nfi\n# This output is used by Xcode 'outputs' to avoid re-running this script phase.\necho \"SUCCESS\" > \"${SCRIPT_OUTPUT_FILE_0}\"\n";
			showEnvVarsInLog = 0;
		};
		6D4F96C56271683B2A84D54E /* [CP] Check Pods Manifest.lock */ = {
			isa = PBXShellScriptBuildPhase;
			buildActionMask = 2147483647;
			files = (
			);
			inputFileListPaths = (
			);
			inputPaths = (
				"${PODS_PODFILE_DIR_PATH}/Podfile.lock",
				"${PODS_ROOT}/Manifest.lock",
			);
			name = "[CP] Check Pods Manifest.lock";
			outputFileListPaths = (
			);
			outputPaths = (
				"$(DERIVED_FILE_DIR)/Pods-YouTubeApp-checkManifestLockResult.txt",
			);
			runOnlyForDeploymentPostprocessing = 0;
			shellPath = /bin/sh;
			shellScript = "diff \"${PODS_PODFILE_DIR_PATH}/Podfile.lock\" \"${PODS_ROOT}/Manifest.lock\" > /dev/null\nif [ $? != 0 ] ; then\n    # print error to STDERR\n    echo \"error: The sandbox is not in sync with the Podfile.lock. Run 'pod install' or update your CocoaPods installation.\" >&2\n    exit 1\nfi\n# This output is used by Xcode 'outputs' to avoid re-running this script phase.\necho \"SUCCESS\" > \"${SCRIPT_OUTPUT_FILE_0}\"\n";
			showEnvVarsInLog = 0;
		};
		813A338E30BF1CE29DB94E6B /* [CP] Check Pods Manifest.lock */ = {
			isa = PBXShellScriptBuildPhase;
			buildActionMask = 2147483647;
			files = (
			);
			inputFileListPaths = (
			);
			inputPaths = (
				"${PODS_PODFILE_DIR_PATH}/Podfile.lock",
				"${PODS_ROOT}/Manifest.lock",
			);
			name = "[CP] Check Pods Manifest.lock";
			outputFileListPaths = (
			);
			outputPaths = (
				"$(DERIVED_FILE_DIR)/Pods-YouTubeAppTests-checkManifestLockResult.txt",
			);
			runOnlyForDeploymentPostprocessing = 0;
			shellPath = /bin/sh;
			shellScript = "diff \"${PODS_PODFILE_DIR_PATH}/Podfile.lock\" \"${PODS_ROOT}/Manifest.lock\" > /dev/null\nif [ $? != 0 ] ; then\n    # print error to STDERR\n    echo \"error: The sandbox is not in sync with the Podfile.lock. Run 'pod install' or update your CocoaPods installation.\" >&2\n    exit 1\nfi\n# This output is used by Xcode 'outputs' to avoid re-running this script phase.\necho \"SUCCESS\" > \"${SCRIPT_OUTPUT_FILE_0}\"\n";
			showEnvVarsInLog = 0;
		};
		B687DAD6B1FCBD00486D3C96 /* [CP] Embed Pods Frameworks */ = {
			isa = PBXShellScriptBuildPhase;
			buildActionMask = 2147483647;
			files = (
			);
			inputFileListPaths = (
				"${PODS_ROOT}/Target Support Files/Pods-YouTubeApp/Pods-YouTubeApp-frameworks-${CONFIGURATION}-input-files.xcfilelist",
			);
			name = "[CP] Embed Pods Frameworks";
			outputFileListPaths = (
				"${PODS_ROOT}/Target Support Files/Pods-YouTubeApp/Pods-YouTubeApp-frameworks-${CONFIGURATION}-output-files.xcfilelist",
			);
			runOnlyForDeploymentPostprocessing = 0;
			shellPath = /bin/sh;
			shellScript = "\"${PODS_ROOT}/Target Support Files/Pods-YouTubeApp/Pods-YouTubeApp-frameworks.sh\"\n";
			showEnvVarsInLog = 0;
		};
		E4B027A8E1258495B472C000 /* [CP] Embed Pods Frameworks */ = {
			isa = PBXShellScriptBuildPhase;
			buildActionMask = 2147483647;
			files = (
			);
			inputFileListPaths = (
				"${PODS_ROOT}/Target Support Files/Pods-YouTubeApp-YouTubeAppUITests/Pods-YouTubeApp-YouTubeAppUITests-frameworks-${CONFIGURATION}-input-files.xcfilelist",
			);
			name = "[CP] Embed Pods Frameworks";
			outputFileListPaths = (
				"${PODS_ROOT}/Target Support Files/Pods-YouTubeApp-YouTubeAppUITests/Pods-YouTubeApp-YouTubeAppUITests-frameworks-${CONFIGURATION}-output-files.xcfilelist",
			);
			runOnlyForDeploymentPostprocessing = 0;
			shellPath = /bin/sh;
			shellScript = "\"${PODS_ROOT}/Target Support Files/Pods-YouTubeApp-YouTubeAppUITests/Pods-YouTubeApp-YouTubeAppUITests-frameworks.sh\"\n";
			showEnvVarsInLog = 0;
		};
/* End PBXShellScriptBuildPhase section */

/* Begin PBXSourcesBuildPhase section */
		45867C0E2611E21600EFA6A9 /* Sources */ = {
			isa = PBXSourcesBuildPhase;
			buildActionMask = 2147483647;
			files = (
				45867C1A2611E21600EFA6A9 /* MainViewController.swift in Sources */,
				45867C162611E21600EFA6A9 /* AppDelegate.swift in Sources */,
				45867C772612CF1500EFA6A9 /* VideoItems.swift in Sources */,
				4522580C26131B5E0041465E /* WebViewController.swift in Sources */,
				45867C182611E21600EFA6A9 /* SceneDelegate.swift in Sources */,
			);
			runOnlyForDeploymentPostprocessing = 0;
		};
		45867C242611E21B00EFA6A9 /* Sources */ = {
			isa = PBXSourcesBuildPhase;
			buildActionMask = 2147483647;
			files = (
				45867C2D2611E21B00EFA6A9 /* YouTubeAppTests.swift in Sources */,
			);
			runOnlyForDeploymentPostprocessing = 0;
		};
		45867C2F2611E21B00EFA6A9 /* Sources */ = {
			isa = PBXSourcesBuildPhase;
			buildActionMask = 2147483647;
			files = (
				45867C382611E21B00EFA6A9 /* YouTubeAppUITests.swift in Sources */,
			);
			runOnlyForDeploymentPostprocessing = 0;
		};
/* End PBXSourcesBuildPhase section */

/* Begin PBXTargetDependency section */
		45867C2A2611E21B00EFA6A9 /* PBXTargetDependency */ = {
			isa = PBXTargetDependency;
			target = 45867C112611E21600EFA6A9 /* YouTubeApp */;
			targetProxy = 45867C292611E21B00EFA6A9 /* PBXContainerItemProxy */;
		};
		45867C352611E21B00EFA6A9 /* PBXTargetDependency */ = {
			isa = PBXTargetDependency;
			target = 45867C112611E21600EFA6A9 /* YouTubeApp */;
			targetProxy = 45867C342611E21B00EFA6A9 /* PBXContainerItemProxy */;
		};
/* End PBXTargetDependency section */

/* Begin PBXVariantGroup section */
		45867C1B2611E21600EFA6A9 /* Main.storyboard */ = {
			isa = PBXVariantGroup;
			children = (
				45867C1C2611E21600EFA6A9 /* Base */,
			);
			name = Main.storyboard;
			sourceTree = "<group>";
		};
		45867C202611E21A00EFA6A9 /* LaunchScreen.storyboard */ = {
			isa = PBXVariantGroup;
			children = (
				45867C212611E21A00EFA6A9 /* Base */,
			);
			name = LaunchScreen.storyboard;
			sourceTree = "<group>";
		};
/* End PBXVariantGroup section */

/* Begin XCBuildConfiguration section */
		45867C3A2611E21B00EFA6A9 /* Debug */ = {
			isa = XCBuildConfiguration;
			buildSettings = {
				ALWAYS_SEARCH_USER_PATHS = NO;
				CLANG_ANALYZER_NONNULL = YES;
				CLANG_ANALYZER_NUMBER_OBJECT_CONVERSION = YES_AGGRESSIVE;
				CLANG_CXX_LANGUAGE_STANDARD = "gnu++14";
				CLANG_CXX_LIBRARY = "libc++";
				CLANG_ENABLE_MODULES = YES;
				CLANG_ENABLE_OBJC_ARC = YES;
				CLANG_ENABLE_OBJC_WEAK = YES;
				CLANG_WARN_BLOCK_CAPTURE_AUTORELEASING = YES;
				CLANG_WARN_BOOL_CONVERSION = YES;
				CLANG_WARN_COMMA = YES;
				CLANG_WARN_CONSTANT_CONVERSION = YES;
				CLANG_WARN_DEPRECATED_OBJC_IMPLEMENTATIONS = YES;
				CLANG_WARN_DIRECT_OBJC_ISA_USAGE = YES_ERROR;
				CLANG_WARN_DOCUMENTATION_COMMENTS = YES;
				CLANG_WARN_EMPTY_BODY = YES;
				CLANG_WARN_ENUM_CONVERSION = YES;
				CLANG_WARN_INFINITE_RECURSION = YES;
				CLANG_WARN_INT_CONVERSION = YES;
				CLANG_WARN_NON_LITERAL_NULL_CONVERSION = YES;
				CLANG_WARN_OBJC_IMPLICIT_RETAIN_SELF = YES;
				CLANG_WARN_OBJC_LITERAL_CONVERSION = YES;
				CLANG_WARN_OBJC_ROOT_CLASS = YES_ERROR;
				CLANG_WARN_QUOTED_INCLUDE_IN_FRAMEWORK_HEADER = YES;
				CLANG_WARN_RANGE_LOOP_ANALYSIS = YES;
				CLANG_WARN_STRICT_PROTOTYPES = YES;
				CLANG_WARN_SUSPICIOUS_MOVE = YES;
				CLANG_WARN_UNGUARDED_AVAILABILITY = YES_AGGRESSIVE;
				CLANG_WARN_UNREACHABLE_CODE = YES;
				CLANG_WARN__DUPLICATE_METHOD_MATCH = YES;
				COPY_PHASE_STRIP = NO;
				DEBUG_INFORMATION_FORMAT = dwarf;
				ENABLE_STRICT_OBJC_MSGSEND = YES;
				ENABLE_TESTABILITY = YES;
				GCC_C_LANGUAGE_STANDARD = gnu11;
				GCC_DYNAMIC_NO_PIC = NO;
				GCC_NO_COMMON_BLOCKS = YES;
				GCC_OPTIMIZATION_LEVEL = 0;
				GCC_PREPROCESSOR_DEFINITIONS = (
					"DEBUG=1",
					"$(inherited)",
				);
				GCC_WARN_64_TO_32_BIT_CONVERSION = YES;
				GCC_WARN_ABOUT_RETURN_TYPE = YES_ERROR;
				GCC_WARN_UNDECLARED_SELECTOR = YES;
				GCC_WARN_UNINITIALIZED_AUTOS = YES_AGGRESSIVE;
				GCC_WARN_UNUSED_FUNCTION = YES;
				GCC_WARN_UNUSED_VARIABLE = YES;
				IPHONEOS_DEPLOYMENT_TARGET = 14.4;
				MTL_ENABLE_DEBUG_INFO = INCLUDE_SOURCE;
				MTL_FAST_MATH = YES;
				ONLY_ACTIVE_ARCH = YES;
				SDKROOT = iphoneos;
				SWIFT_ACTIVE_COMPILATION_CONDITIONS = DEBUG;
				SWIFT_OPTIMIZATION_LEVEL = "-Onone";
			};
			name = Debug;
		};
		45867C3B2611E21B00EFA6A9 /* Release */ = {
			isa = XCBuildConfiguration;
			buildSettings = {
				ALWAYS_SEARCH_USER_PATHS = NO;
				CLANG_ANALYZER_NONNULL = YES;
				CLANG_ANALYZER_NUMBER_OBJECT_CONVERSION = YES_AGGRESSIVE;
				CLANG_CXX_LANGUAGE_STANDARD = "gnu++14";
				CLANG_CXX_LIBRARY = "libc++";
				CLANG_ENABLE_MODULES = YES;
				CLANG_ENABLE_OBJC_ARC = YES;
				CLANG_ENABLE_OBJC_WEAK = YES;
				CLANG_WARN_BLOCK_CAPTURE_AUTORELEASING = YES;
				CLANG_WARN_BOOL_CONVERSION = YES;
				CLANG_WARN_COMMA = YES;
				CLANG_WARN_CONSTANT_CONVERSION = YES;
				CLANG_WARN_DEPRECATED_OBJC_IMPLEMENTATIONS = YES;
				CLANG_WARN_DIRECT_OBJC_ISA_USAGE = YES_ERROR;
				CLANG_WARN_DOCUMENTATION_COMMENTS = YES;
				CLANG_WARN_EMPTY_BODY = YES;
				CLANG_WARN_ENUM_CONVERSION = YES;
				CLANG_WARN_INFINITE_RECURSION = YES;
				CLANG_WARN_INT_CONVERSION = YES;
				CLANG_WARN_NON_LITERAL_NULL_CONVERSION = YES;
				CLANG_WARN_OBJC_IMPLICIT_RETAIN_SELF = YES;
				CLANG_WARN_OBJC_LITERAL_CONVERSION = YES;
				CLANG_WARN_OBJC_ROOT_CLASS = YES_ERROR;
				CLANG_WARN_QUOTED_INCLUDE_IN_FRAMEWORK_HEADER = YES;
				CLANG_WARN_RANGE_LOOP_ANALYSIS = YES;
				CLANG_WARN_STRICT_PROTOTYPES = YES;
				CLANG_WARN_SUSPICIOUS_MOVE = YES;
				CLANG_WARN_UNGUARDED_AVAILABILITY = YES_AGGRESSIVE;
				CLANG_WARN_UNREACHABLE_CODE = YES;
				CLANG_WARN__DUPLICATE_METHOD_MATCH = YES;
				COPY_PHASE_STRIP = NO;
				DEBUG_INFORMATION_FORMAT = "dwarf-with-dsym";
				ENABLE_NS_ASSERTIONS = NO;
				ENABLE_STRICT_OBJC_MSGSEND = YES;
				GCC_C_LANGUAGE_STANDARD = gnu11;
				GCC_NO_COMMON_BLOCKS = YES;
				GCC_WARN_64_TO_32_BIT_CONVERSION = YES;
				GCC_WARN_ABOUT_RETURN_TYPE = YES_ERROR;
				GCC_WARN_UNDECLARED_SELECTOR = YES;
				GCC_WARN_UNINITIALIZED_AUTOS = YES_AGGRESSIVE;
				GCC_WARN_UNUSED_FUNCTION = YES;
				GCC_WARN_UNUSED_VARIABLE = YES;
				IPHONEOS_DEPLOYMENT_TARGET = 14.4;
				MTL_ENABLE_DEBUG_INFO = NO;
				MTL_FAST_MATH = YES;
				SDKROOT = iphoneos;
				SWIFT_COMPILATION_MODE = wholemodule;
				SWIFT_OPTIMIZATION_LEVEL = "-O";
				VALIDATE_PRODUCT = YES;
			};
			name = Release;
		};
		45867C3D2611E21B00EFA6A9 /* Debug */ = {
			isa = XCBuildConfiguration;
			baseConfigurationReference = D5B9369EAC15634D78AE9F7D /* Pods-YouTubeApp.debug.xcconfig */;
			buildSettings = {
				ASSETCATALOG_COMPILER_APPICON_NAME = AppIcon;
				ASSETCATALOG_COMPILER_GLOBAL_ACCENT_COLOR_NAME = AccentColor;
				CODE_SIGN_STYLE = Automatic;
				DEVELOPMENT_TEAM = ZXZ96723Y7;
				INFOPLIST_FILE = YouTubeApp/Info.plist;
				LD_RUNPATH_SEARCH_PATHS = (
					"$(inherited)",
					"@executable_path/Frameworks",
				);
				PRODUCT_BUNDLE_IDENTIFIER = "com.ken-sasaki.YouTubeApp";
				PRODUCT_NAME = "$(TARGET_NAME)";
				SWIFT_VERSION = 5.0;
				TARGETED_DEVICE_FAMILY = 1;
			};
			name = Debug;
		};
		45867C3E2611E21B00EFA6A9 /* Release */ = {
			isa = XCBuildConfiguration;
			baseConfigurationReference = 176D81F006B676BBA9F61774 /* Pods-YouTubeApp.release.xcconfig */;
			buildSettings = {
				ASSETCATALOG_COMPILER_APPICON_NAME = AppIcon;
				ASSETCATALOG_COMPILER_GLOBAL_ACCENT_COLOR_NAME = AccentColor;
				CODE_SIGN_STYLE = Automatic;
				DEVELOPMENT_TEAM = ZXZ96723Y7;
				INFOPLIST_FILE = YouTubeApp/Info.plist;
				LD_RUNPATH_SEARCH_PATHS = (
					"$(inherited)",
					"@executable_path/Frameworks",
				);
				PRODUCT_BUNDLE_IDENTIFIER = "com.ken-sasaki.YouTubeApp";
				PRODUCT_NAME = "$(TARGET_NAME)";
				SWIFT_VERSION = 5.0;
				TARGETED_DEVICE_FAMILY = 1;
			};
			name = Release;
		};
		45867C402611E21B00EFA6A9 /* Debug */ = {
			isa = XCBuildConfiguration;
			baseConfigurationReference = 31C2185F53329A66B96C7889 /* Pods-YouTubeAppTests.debug.xcconfig */;
			buildSettings = {
				ALWAYS_EMBED_SWIFT_STANDARD_LIBRARIES = YES;
				BUNDLE_LOADER = "$(TEST_HOST)";
				CODE_SIGN_STYLE = Automatic;
				DEVELOPMENT_TEAM = ZXZ96723Y7;
				INFOPLIST_FILE = YouTubeAppTests/Info.plist;
				IPHONEOS_DEPLOYMENT_TARGET = 14.4;
				LD_RUNPATH_SEARCH_PATHS = (
					"$(inherited)",
					"@executable_path/Frameworks",
					"@loader_path/Frameworks",
				);
				PRODUCT_BUNDLE_IDENTIFIER = "com.ken-sasaki.YouTubeAppTests";
				PRODUCT_NAME = "$(TARGET_NAME)";
				SWIFT_VERSION = 5.0;
				TARGETED_DEVICE_FAMILY = "1,2";
				TEST_HOST = "$(BUILT_PRODUCTS_DIR)/YouTubeApp.app/YouTubeApp";
			};
			name = Debug;
		};
		45867C412611E21B00EFA6A9 /* Release */ = {
			isa = XCBuildConfiguration;
			baseConfigurationReference = CE824179E0A709592C4F043A /* Pods-YouTubeAppTests.release.xcconfig */;
			buildSettings = {
				ALWAYS_EMBED_SWIFT_STANDARD_LIBRARIES = YES;
				BUNDLE_LOADER = "$(TEST_HOST)";
				CODE_SIGN_STYLE = Automatic;
				DEVELOPMENT_TEAM = ZXZ96723Y7;
				INFOPLIST_FILE = YouTubeAppTests/Info.plist;
				IPHONEOS_DEPLOYMENT_TARGET = 14.4;
				LD_RUNPATH_SEARCH_PATHS = (
					"$(inherited)",
					"@executable_path/Frameworks",
					"@loader_path/Frameworks",
				);
				PRODUCT_BUNDLE_IDENTIFIER = "com.ken-sasaki.YouTubeAppTests";
				PRODUCT_NAME = "$(TARGET_NAME)";
				SWIFT_VERSION = 5.0;
				TARGETED_DEVICE_FAMILY = "1,2";
				TEST_HOST = "$(BUILT_PRODUCTS_DIR)/YouTubeApp.app/YouTubeApp";
			};
			name = Release;
		};
		45867C432611E21B00EFA6A9 /* Debug */ = {
			isa = XCBuildConfiguration;
			baseConfigurationReference = 84E9C7361B6056984AA394BE /* Pods-YouTubeApp-YouTubeAppUITests.debug.xcconfig */;
			buildSettings = {
				ALWAYS_EMBED_SWIFT_STANDARD_LIBRARIES = YES;
				CODE_SIGN_STYLE = Automatic;
				DEVELOPMENT_TEAM = ZXZ96723Y7;
				INFOPLIST_FILE = YouTubeAppUITests/Info.plist;
				LD_RUNPATH_SEARCH_PATHS = (
					"$(inherited)",
					"@executable_path/Frameworks",
					"@loader_path/Frameworks",
				);
				PRODUCT_BUNDLE_IDENTIFIER = "com.ken-sasaki.YouTubeAppUITests";
				PRODUCT_NAME = "$(TARGET_NAME)";
				SWIFT_VERSION = 5.0;
				TARGETED_DEVICE_FAMILY = "1,2";
				TEST_TARGET_NAME = YouTubeApp;
			};
			name = Debug;
		};
		45867C442611E21B00EFA6A9 /* Release */ = {
			isa = XCBuildConfiguration;
			baseConfigurationReference = 744136E4BE02D06A3D30C91A /* Pods-YouTubeApp-YouTubeAppUITests.release.xcconfig */;
			buildSettings = {
				ALWAYS_EMBED_SWIFT_STANDARD_LIBRARIES = YES;
				CODE_SIGN_STYLE = Automatic;
				DEVELOPMENT_TEAM = ZXZ96723Y7;
				INFOPLIST_FILE = YouTubeAppUITests/Info.plist;
				LD_RUNPATH_SEARCH_PATHS = (
					"$(inherited)",
					"@executable_path/Frameworks",
					"@loader_path/Frameworks",
				);
				PRODUCT_BUNDLE_IDENTIFIER = "com.ken-sasaki.YouTubeAppUITests";
				PRODUCT_NAME = "$(TARGET_NAME)";
				SWIFT_VERSION = 5.0;
				TARGETED_DEVICE_FAMILY = "1,2";
				TEST_TARGET_NAME = YouTubeApp;
			};
			name = Release;
		};
/* End XCBuildConfiguration section */

/* Begin XCConfigurationList section */
		45867C0D2611E21600EFA6A9 /* Build configuration list for PBXProject "YouTubeApp" */ = {
			isa = XCConfigurationList;
			buildConfigurations = (
				45867C3A2611E21B00EFA6A9 /* Debug */,
				45867C3B2611E21B00EFA6A9 /* Release */,
			);
			defaultConfigurationIsVisible = 0;
			defaultConfigurationName = Release;
		};
		45867C3C2611E21B00EFA6A9 /* Build configuration list for PBXNativeTarget "YouTubeApp" */ = {
			isa = XCConfigurationList;
			buildConfigurations = (
				45867C3D2611E21B00EFA6A9 /* Debug */,
				45867C3E2611E21B00EFA6A9 /* Release */,
			);
			defaultConfigurationIsVisible = 0;
			defaultConfigurationName = Release;
		};
		45867C3F2611E21B00EFA6A9 /* Build configuration list for PBXNativeTarget "YouTubeAppTests" */ = {
			isa = XCConfigurationList;
			buildConfigurations = (
				45867C402611E21B00EFA6A9 /* Debug */,
				45867C412611E21B00EFA6A9 /* Release */,
			);
			defaultConfigurationIsVisible = 0;
			defaultConfigurationName = Release;
		};
		45867C422611E21B00EFA6A9 /* Build configuration list for PBXNativeTarget "YouTubeAppUITests" */ = {
			isa = XCConfigurationList;
			buildConfigurations = (
				45867C432611E21B00EFA6A9 /* Debug */,
				45867C442611E21B00EFA6A9 /* Release */,
			);
			defaultConfigurationIsVisible = 0;
			defaultConfigurationName = Release;
		};
/* End XCConfigurationList section */
	};
	rootObject = 45867C0A2611E21600EFA6A9 /* Project object */;
}
